
Microsoft Visual Studio Solution File, Format Version 12.00
# Visual Studio 15
VisualStudioVersion = 15.0.28010.2048
MinimumVisualStudioVersion = 10.0.40219.1
Project("{FAE04EC0-301F-11D3-BF4B-00C04F79EFBC}") = "ComputerGraphic2D", "ComputerGraphic2D\ComputerGraphic2D.csproj", "{EBBD89E5-338F-45D3-98EB-700A650ADD51}"
EndProject
Global
	GlobalSection(SolutionConfigurationPlatforms) = preSolution
		Debug|Any CPU = Debug|Any CPU
		Release|Any CPU = Release|Any CPU
	EndGlobalSection
	GlobalSection(ProjectConfigurationPlatforms) = postSolution
		{EBBD89E5-338F-45D3-98EB-700A650ADD51}.Debug|Any CPU.ActiveCfg = Debug|Any CPU
		{EBBD89E5-338F-45D3-98EB-700A650ADD51}.Debug|Any CPU.Build.0 = Debug|Any CPU
		{EBBD89E5-338F-45D3-98EB-700A650ADD51}.Release|Any CPU.ActiveCfg = Release|Any CPU
		{EBBD89E5-338F-45D3-98EB-700A650ADD51}.Release|Any CPU.Build.0 = Release|Any CPU
	EndGlobalSection
	GlobalSection(SolutionProperties) = preSolution
		HideSolutionNode = FALSE
	EndGlobalSection
	GlobalSection(ExtensibilityGlobals) = postSolution
		SolutionGuid = {48671DD9-6EA3-45CA-84A7-045F56B12946}
	EndGlobalSection
EndGlobal
